
Microsoft Visual Studio Solution File, Format Version 12.00
# Visual Studio Version 16
VisualStudioVersion = 16.0.31025.194
MinimumVisualStudioVersion = 10.0.40219.1
Project("{FAE04EC0-301F-11D3-BF4B-00C04F79EFBC}") = "BooksManager", "BooksManager.csproj", "{2CD74A1B-2E66-43E8-A843-9B29A8576325}"
EndProject
Global
	GlobalSection(SolutionConfigurationPlatforms) = preSolution
		Debug|Any CPU = Debug|Any CPU
		Release|Any CPU = Release|Any CPU
	EndGlobalSection
	GlobalSection(ProjectConfigurationPlatforms) = postSolution
		{2CD74A1B-2E66-43E8-A843-9B29A8576325}.Debug|Any CPU.ActiveCfg = Debug|Any CPU
		{2CD74A1B-2E66-43E8-A843-9B29A8576325}.Debug|Any CPU.Build.0 = Debug|Any CPU
		{2CD74A1B-2E66-43E8-A843-9B29A8576325}.Release|Any CPU.ActiveCfg = Release|Any CPU
		{2CD74A1B-2E66-43E8-A843-9B29A8576325}.Release|Any CPU.Build.0 = Release|Any CPU
	EndGlobalSection
	GlobalSection(SolutionProperties) = preSolution
		HideSolutionNode = FALSE
	EndGlobalSection
	GlobalSection(ExtensibilityGlobals) = postSolution
		SolutionGuid = {72D9D661-C898-42B8-945C-441A4E05CE4B}
	EndGlobalSection
EndGlobal
